<Solution>
  <Configurations>
    <Platform Name="x64" />
  </Configurations>
  <Folder Name="/Solution Items/">
    <File Path=".editorconfig" />
  </Folder>
  <Project Path="DotNotes.Bus/DotNotes.Bus.csproj" />
  <Project Path="DotNotes.Tests/DotNotes.Tests.csproj" Id="5fa98e1b-a82d-4ec8-9e2a-a3698888627b" />
  <Project Path="DotNotes/DotNotes.csproj">
    <Platform Project="x64" />
    <Deploy />
  </Project>
</Solution>
